
Microsoft Visual Studio Solution File, Format Version 12.00
# Visual Studio Version 17
VisualStudioVersion = 17.8.34330.188
MinimumVisualStudioVersion = 10.0.40219.1
Project("{FAE04EC0-301F-11D3-BF4B-00C04F79EFBC}") = "PersonalTemplate", "PersonalTemplate\PersonalTemplate.csproj", "{CFE10BB9-2FB4-4E3F-B3F4-5742F7620CA0}"
EndProject
Global
	GlobalSection(SolutionConfigurationPlatforms) = preSolution
		Debug|Any CPU = Debug|Any CPU
		Release|Any CPU = Release|Any CPU
	EndGlobalSection
	GlobalSection(ProjectConfigurationPlatforms) = postSolution
		{CFE10BB9-2FB4-4E3F-B3F4-5742F7620CA0}.Debug|Any CPU.ActiveCfg = Debug|Any CPU
		{CFE10BB9-2FB4-4E3F-B3F4-5742F7620CA0}.Debug|Any CPU.Build.0 = Debug|Any CPU
		{CFE10BB9-2FB4-4E3F-B3F4-5742F7620CA0}.Release|Any CPU.ActiveCfg = Release|Any CPU
		{CFE10BB9-2FB4-4E3F-B3F4-5742F7620CA0}.Release|Any CPU.Build.0 = Release|Any CPU
	EndGlobalSection
	GlobalSection(SolutionProperties) = preSolution
		HideSolutionNode = FALSE
	EndGlobalSection
	GlobalSection(ExtensibilityGlobals) = postSolution
		SolutionGuid = {63633550-F269-41F3-ACE5-FBE017EAFD61}
	EndGlobalSection
EndGlobal
